// !$*UTF8*$!
{
	archiveVersion = 1;
	classes = {
	};
	objectVersion = 56;
	objects = {

/* Begin PBXBuildFile section */
		10B2E8E72C11A54100CE25D1 /* testFile.swift in Sources */ = {isa = PBXBuildFile; fileRef = 10B2E8E62C11A54100CE25D1 /* testFile.swift */; };
		401ACAEC2C133E6600EC1B29 /* OrdersTableViewCell.xib in Resources */ = {isa = PBXBuildFile; fileRef = 401ACAEB2C133E6600EC1B29 /* OrdersTableViewCell.xib */; };
		401ACAED2C133E6600EC1B29 /* OrdersTableViewCell.swift in Sources */ = {isa = PBXBuildFile; fileRef = 401ACAEA2C133E6600EC1B29 /* OrdersTableViewCell.swift */; };
		401ACAF02C133EA500EC1B29 /* WishListTableViewCell.xib in Resources */ = {isa = PBXBuildFile; fileRef = 401ACAEF2C133EA500EC1B29 /* WishListTableViewCell.xib */; };
		401ACAF12C133EA500EC1B29 /* WishListTableViewCell.swift in Sources */ = {isa = PBXBuildFile; fileRef = 401ACAEE2C133EA500EC1B29 /* WishListTableViewCell.swift */; };
		403303C72C13642A001EE7CB /* SelectCategory.swift in Sources */ = {isa = PBXBuildFile; fileRef = 403303C62C13642A001EE7CB /* SelectCategory.swift */; };
		4043AB372C1A79B30037C03A /* OrderDetailsViewController.swift in Sources */ = {isa = PBXBuildFile; fileRef = 4043AB362C1A79B30037C03A /* OrderDetailsViewController.swift */; };
		4078A6D22C186D5400CF6D02 /* MoreOrdersViewController.swift in Sources */ = {isa = PBXBuildFile; fileRef = 4078A6D12C186D5400CF6D02 /* MoreOrdersViewController.swift */; };
		4078A6D42C186D6600CF6D02 /* MoreWishesViewController.swift in Sources */ = {isa = PBXBuildFile; fileRef = 4078A6D32C186D6600CF6D02 /* MoreWishesViewController.swift */; };
		40B6BDB32C14079D009A0A07 /* AllProductsViewController.swift in Sources */ = {isa = PBXBuildFile; fileRef = 40B6BDB22C14079D009A0A07 /* AllProductsViewController.swift */; };
		40B6BDB52C140C3E009A0A07 /* Brand.swift in Sources */ = {isa = PBXBuildFile; fileRef = 40B6BDB42C140C3E009A0A07 /* Brand.swift */; };
		40B6BDB72C140C55009A0A07 /* FetchDataFromApi.swift in Sources */ = {isa = PBXBuildFile; fileRef = 40B6BDB62C140C55009A0A07 /* FetchDataFromApi.swift */; };
		40B6BDB92C1417E3009A0A07 /* BrandProduct.swift in Sources */ = {isa = PBXBuildFile; fileRef = 40B6BDB82C1417E3009A0A07 /* BrandProduct.swift */; };
		40CCD8EB2C194679005513B2 /* Constants.swift in Sources */ = {isa = PBXBuildFile; fileRef = 40CCD8EA2C194679005513B2 /* Constants.swift */; };
		40D96F712C112E83000B8D34 /* AppDelegate.swift in Sources */ = {isa = PBXBuildFile; fileRef = 40D96F702C112E83000B8D34 /* AppDelegate.swift */; };
		40D96F732C112E83000B8D34 /* SceneDelegate.swift in Sources */ = {isa = PBXBuildFile; fileRef = 40D96F722C112E83000B8D34 /* SceneDelegate.swift */; };
		40D96F752C112E83000B8D34 /* ViewController.swift in Sources */ = {isa = PBXBuildFile; fileRef = 40D96F742C112E83000B8D34 /* ViewController.swift */; };
		40D96F782C112E83000B8D34 /* Base in Resources */ = {isa = PBXBuildFile; fileRef = 40D96F772C112E83000B8D34 /* Base */; };
		40D96F7B2C112E83000B8D34 /* Shopify.xcdatamodeld in Sources */ = {isa = PBXBuildFile; fileRef = 40D96F792C112E83000B8D34 /* Shopify.xcdatamodeld */; };
		40D96F7D2C112E85000B8D34 /* Assets.xcassets in Resources */ = {isa = PBXBuildFile; fileRef = 40D96F7C2C112E85000B8D34 /* Assets.xcassets */; };
		40D96F802C112E85000B8D34 /* Base in Resources */ = {isa = PBXBuildFile; fileRef = 40D96F7F2C112E85000B8D34 /* Base */; };
		40D96F8B2C112E85000B8D34 /* ShopifyTests.swift in Sources */ = {isa = PBXBuildFile; fileRef = 40D96F8A2C112E85000B8D34 /* ShopifyTests.swift */; };
		40D96F952C112E85000B8D34 /* ShopifyUITests.swift in Sources */ = {isa = PBXBuildFile; fileRef = 40D96F942C112E85000B8D34 /* ShopifyUITests.swift */; };
		40D96F972C112E85000B8D34 /* ShopifyUITestsLaunchTests.swift in Sources */ = {isa = PBXBuildFile; fileRef = 40D96F962C112E85000B8D34 /* ShopifyUITestsLaunchTests.swift */; };
		40D96FA42C112EDC000B8D34 /* Auth.storyboard in Resources */ = {isa = PBXBuildFile; fileRef = 40D96FA32C112EDC000B8D34 /* Auth.storyboard */; };
		40D96FA62C112F2C000B8D34 /* Payment.storyboard in Resources */ = {isa = PBXBuildFile; fileRef = 40D96FA52C112F2C000B8D34 /* Payment.storyboard */; };
		40E17CAE2C1B9CDC00DD9526 /* ComplectedOrder.swift in Sources */ = {isa = PBXBuildFile; fileRef = 40E17CAD2C1B9CDC00DD9526 /* ComplectedOrder.swift */; };
		40EB4A8F2C12398F009038FA /* HomeViewController.swift in Sources */ = {isa = PBXBuildFile; fileRef = 40EB4A8E2C12398F009038FA /* HomeViewController.swift */; };
		40EB4A922C123AFB009038FA /* AdsCollectionViewCell.swift in Sources */ = {isa = PBXBuildFile; fileRef = 40EB4A902C123AFB009038FA /* AdsCollectionViewCell.swift */; };
		40EB4A932C123AFB009038FA /* AdsCollectionViewCell.xib in Resources */ = {isa = PBXBuildFile; fileRef = 40EB4A912C123AFB009038FA /* AdsCollectionViewCell.xib */; };
		40EB4A972C123B72009038FA /* BrandsCollectionViewCell.xib in Resources */ = {isa = PBXBuildFile; fileRef = 40EB4A952C123B72009038FA /* BrandsCollectionViewCell.xib */; };
		40EB4A992C123BE3009038FA /* ProfileViewController.swift in Sources */ = {isa = PBXBuildFile; fileRef = 40EB4A982C123BE3009038FA /* ProfileViewController.swift */; };
		40EB4A9B2C123C19009038FA /* CategoriesViewController.swift in Sources */ = {isa = PBXBuildFile; fileRef = 40EB4A9A2C123C19009038FA /* CategoriesViewController.swift */; };
		40EB4A9C2C1249F1009038FA /* BrandsCollectionViewCell.swift in Sources */ = {isa = PBXBuildFile; fileRef = 40EB4A942C123B72009038FA /* BrandsCollectionViewCell.swift */; };
		40EB4A9F2C124A6C009038FA /* CategoryCollectionViewCell.swift in Sources */ = {isa = PBXBuildFile; fileRef = 40EB4A9D2C124A6C009038FA /* CategoryCollectionViewCell.swift */; };
		40EB4AA02C124A6C009038FA /* CategoryCollectionViewCell.xib in Resources */ = {isa = PBXBuildFile; fileRef = 40EB4A9E2C124A6C009038FA /* CategoryCollectionViewCell.xib */; };
		40EB4AA22C1253A7009038FA /* BrandsCollectionViewCell.swift in Sources */ = {isa = PBXBuildFile; fileRef = 40EB4AA12C1253A7009038FA /* BrandsCollectionViewCell.swift */; };
		653D21757C14EE1F07300ACC /* Pods_Shopify.framework in Frameworks */ = {isa = PBXBuildFile; fileRef = 0FE8DF2200CDF97D2F50F7E2 /* Pods_Shopify.framework */; };
		AA07553DBEBE337097B63BB9 /* Pods_Shopify_ShopifyUITests.framework in Frameworks */ = {isa = PBXBuildFile; fileRef = 8E4699A20A7679CB3AC13F07 /* Pods_Shopify_ShopifyUITests.framework */; };
		B087E8812C1ACC6200526CF0 /* Settings.swift in Sources */ = {isa = PBXBuildFile; fileRef = B087E8802C1ACC6200526CF0 /* Settings.swift */; };
		B08D6A312C14E1A000894358 /* CustomerS.swift in Sources */ = {isa = PBXBuildFile; fileRef = B08D6A302C14E1A000894358 /* CustomerS.swift */; };
		B08D6A372C14E93200894358 /* Address.swift in Sources */ = {isa = PBXBuildFile; fileRef = B08D6A362C14E93200894358 /* Address.swift */; };
		B08D6A392C15338F00894358 /* AddNewAddressViewModel.swift in Sources */ = {isa = PBXBuildFile; fileRef = B08D6A382C15338F00894358 /* AddNewAddressViewModel.swift */; };
		B08D6A3B2C1533CE00894358 /* NetworkManager.swift in Sources */ = {isa = PBXBuildFile; fileRef = B08D6A3A2C1533CE00894358 /* NetworkManager.swift */; };
		B09A810B2C14B96D00DB8933 /* AddNewAddress.swift in Sources */ = {isa = PBXBuildFile; fileRef = B09A810A2C14B96D00DB8933 /* AddNewAddress.swift */; };
		B09B097E2C19C75200A4233B /* AllAddressess.swift in Sources */ = {isa = PBXBuildFile; fileRef = B09B097D2C19C75200A4233B /* AllAddressess.swift */; };
		B09B09802C19C78000A4233B /* AllAddressessTableViewCell.swift in Sources */ = {isa = PBXBuildFile; fileRef = B09B097F2C19C78000A4233B /* AllAddressessTableViewCell.swift */; };
		B09B09822C19C7AE00A4233B /* AllAddressessViewModel.swift in Sources */ = {isa = PBXBuildFile; fileRef = B09B09812C19C7AE00A4233B /* AllAddressessViewModel.swift */; };
		B0B4B0C02C13696100FAFFEA /* ShoppingCartViewCell.swift in Sources */ = {isa = PBXBuildFile; fileRef = B0B4B0BE2C13695E00FAFFEA /* ShoppingCartViewCell.swift */; };
		B0B4B0C12C13696100FAFFEA /* ShoppingCartViewCell.xib in Resources */ = {isa = PBXBuildFile; fileRef = B0B4B0BF2C13696000FAFFEA /* ShoppingCartViewCell.xib */; };
		B0BD90F02C147F80000C6D88 /* Settings.storyboard in Resources */ = {isa = PBXBuildFile; fileRef = B0BD90EF2C147F80000C6D88 /* Settings.storyboard */; };
		D488A9618AED639614A73A1B /* Pods_ShopifyTests.framework in Frameworks */ = {isa = PBXBuildFile; fileRef = A4EE0B7AB52F0226EDB94ED3 /* Pods_ShopifyTests.framework */; };
/* End PBXBuildFile section */

/* Begin PBXContainerItemProxy section */
		40D96F872C112E85000B8D34 /* PBXContainerItemProxy */ = {
			isa = PBXContainerItemProxy;
			containerPortal = 40D96F652C112E83000B8D34 /* Project object */;
			proxyType = 1;
			remoteGlobalIDString = 40D96F6C2C112E83000B8D34;
			remoteInfo = Shopify;
		};
		40D96F912C112E85000B8D34 /* PBXContainerItemProxy */ = {
			isa = PBXContainerItemProxy;
			containerPortal = 40D96F652C112E83000B8D34 /* Project object */;
			proxyType = 1;
			remoteGlobalIDString = 40D96F6C2C112E83000B8D34;
			remoteInfo = Shopify;
		};
/* End PBXContainerItemProxy section */

/* Begin PBXFileReference section */
		05D4DF40988DDEA774FF42CD /* Pods-Shopify-ShopifyUITests.debug.xcconfig */ = {isa = PBXFileReference; includeInIndex = 1; lastKnownFileType = text.xcconfig; name = "Pods-Shopify-ShopifyUITests.debug.xcconfig"; path = "Target Support Files/Pods-Shopify-ShopifyUITests/Pods-Shopify-ShopifyUITests.debug.xcconfig"; sourceTree = "<group>"; };
		0FE8DF2200CDF97D2F50F7E2 /* Pods_Shopify.framework */ = {isa = PBXFileReference; explicitFileType = wrapper.framework; includeInIndex = 0; path = Pods_Shopify.framework; sourceTree = BUILT_PRODUCTS_DIR; };
		10B2E8E62C11A54100CE25D1 /* testFile.swift */ = {isa = PBXFileReference; lastKnownFileType = sourcecode.swift; path = testFile.swift; sourceTree = "<group>"; };
		1AF4386D2EEFBA853DF7CD96 /* Pods-ShopifyTests.release.xcconfig */ = {isa = PBXFileReference; includeInIndex = 1; lastKnownFileType = text.xcconfig; name = "Pods-ShopifyTests.release.xcconfig"; path = "Target Support Files/Pods-ShopifyTests/Pods-ShopifyTests.release.xcconfig"; sourceTree = "<group>"; };
		401ACAEA2C133E6600EC1B29 /* OrdersTableViewCell.swift */ = {isa = PBXFileReference; lastKnownFileType = sourcecode.swift; path = OrdersTableViewCell.swift; sourceTree = "<group>"; };
		401ACAEB2C133E6600EC1B29 /* OrdersTableViewCell.xib */ = {isa = PBXFileReference; lastKnownFileType = file.xib; path = OrdersTableViewCell.xib; sourceTree = "<group>"; };
		401ACAEE2C133EA500EC1B29 /* WishListTableViewCell.swift */ = {isa = PBXFileReference; lastKnownFileType = sourcecode.swift; path = WishListTableViewCell.swift; sourceTree = "<group>"; };
		401ACAEF2C133EA500EC1B29 /* WishListTableViewCell.xib */ = {isa = PBXFileReference; lastKnownFileType = file.xib; path = WishListTableViewCell.xib; sourceTree = "<group>"; };
		403303C62C13642A001EE7CB /* SelectCategory.swift */ = {isa = PBXFileReference; lastKnownFileType = sourcecode.swift; path = SelectCategory.swift; sourceTree = "<group>"; };
		4043AB362C1A79B30037C03A /* OrderDetailsViewController.swift */ = {isa = PBXFileReference; lastKnownFileType = sourcecode.swift; path = OrderDetailsViewController.swift; sourceTree = "<group>"; };
		4078A6D12C186D5400CF6D02 /* MoreOrdersViewController.swift */ = {isa = PBXFileReference; lastKnownFileType = sourcecode.swift; path = MoreOrdersViewController.swift; sourceTree = "<group>"; };
		4078A6D32C186D6600CF6D02 /* MoreWishesViewController.swift */ = {isa = PBXFileReference; lastKnownFileType = sourcecode.swift; path = MoreWishesViewController.swift; sourceTree = "<group>"; };
		40B6BDB22C14079D009A0A07 /* AllProductsViewController.swift */ = {isa = PBXFileReference; lastKnownFileType = sourcecode.swift; path = AllProductsViewController.swift; sourceTree = "<group>"; };
		40B6BDB42C140C3E009A0A07 /* Brand.swift */ = {isa = PBXFileReference; lastKnownFileType = sourcecode.swift; path = Brand.swift; sourceTree = "<group>"; };
		40B6BDB62C140C55009A0A07 /* FetchDataFromApi.swift */ = {isa = PBXFileReference; lastKnownFileType = sourcecode.swift; path = FetchDataFromApi.swift; sourceTree = "<group>"; };
		40B6BDB82C1417E3009A0A07 /* BrandProduct.swift */ = {isa = PBXFileReference; lastKnownFileType = sourcecode.swift; path = BrandProduct.swift; sourceTree = "<group>"; };
		40CCD8EA2C194679005513B2 /* Constants.swift */ = {isa = PBXFileReference; lastKnownFileType = sourcecode.swift; path = Constants.swift; sourceTree = "<group>"; };
		40D96F6D2C112E83000B8D34 /* Shopify.app */ = {isa = PBXFileReference; explicitFileType = wrapper.application; includeInIndex = 0; path = Shopify.app; sourceTree = BUILT_PRODUCTS_DIR; };
		40D96F702C112E83000B8D34 /* AppDelegate.swift */ = {isa = PBXFileReference; lastKnownFileType = sourcecode.swift; path = AppDelegate.swift; sourceTree = "<group>"; };
		40D96F722C112E83000B8D34 /* SceneDelegate.swift */ = {isa = PBXFileReference; lastKnownFileType = sourcecode.swift; path = SceneDelegate.swift; sourceTree = "<group>"; };
		40D96F742C112E83000B8D34 /* ViewController.swift */ = {isa = PBXFileReference; lastKnownFileType = sourcecode.swift; path = ViewController.swift; sourceTree = "<group>"; };
		40D96F772C112E83000B8D34 /* Base */ = {isa = PBXFileReference; lastKnownFileType = file.storyboard; name = Base; path = Base.lproj/Main.storyboard; sourceTree = "<group>"; };
		40D96F7A2C112E83000B8D34 /* Shopify.xcdatamodel */ = {isa = PBXFileReference; lastKnownFileType = wrapper.xcdatamodel; path = Shopify.xcdatamodel; sourceTree = "<group>"; };
		40D96F7C2C112E85000B8D34 /* Assets.xcassets */ = {isa = PBXFileReference; lastKnownFileType = folder.assetcatalog; path = Assets.xcassets; sourceTree = "<group>"; };
		40D96F7F2C112E85000B8D34 /* Base */ = {isa = PBXFileReference; lastKnownFileType = file.storyboard; name = Base; path = Base.lproj/LaunchScreen.storyboard; sourceTree = "<group>"; };
		40D96F812C112E85000B8D34 /* Info.plist */ = {isa = PBXFileReference; lastKnownFileType = text.plist.xml; path = Info.plist; sourceTree = "<group>"; };
		40D96F862C112E85000B8D34 /* ShopifyTests.xctest */ = {isa = PBXFileReference; explicitFileType = wrapper.cfbundle; includeInIndex = 0; path = ShopifyTests.xctest; sourceTree = BUILT_PRODUCTS_DIR; };
		40D96F8A2C112E85000B8D34 /* ShopifyTests.swift */ = {isa = PBXFileReference; lastKnownFileType = sourcecode.swift; path = ShopifyTests.swift; sourceTree = "<group>"; };
		40D96F902C112E85000B8D34 /* ShopifyUITests.xctest */ = {isa = PBXFileReference; explicitFileType = wrapper.cfbundle; includeInIndex = 0; path = ShopifyUITests.xctest; sourceTree = BUILT_PRODUCTS_DIR; };
		40D96F942C112E85000B8D34 /* ShopifyUITests.swift */ = {isa = PBXFileReference; lastKnownFileType = sourcecode.swift; path = ShopifyUITests.swift; sourceTree = "<group>"; };
		40D96F962C112E85000B8D34 /* ShopifyUITestsLaunchTests.swift */ = {isa = PBXFileReference; lastKnownFileType = sourcecode.swift; path = ShopifyUITestsLaunchTests.swift; sourceTree = "<group>"; };
		40D96FA32C112EDC000B8D34 /* Auth.storyboard */ = {isa = PBXFileReference; lastKnownFileType = file.storyboard; path = Auth.storyboard; sourceTree = "<group>"; };
		40D96FA52C112F2C000B8D34 /* Payment.storyboard */ = {isa = PBXFileReference; lastKnownFileType = file.storyboard; path = Payment.storyboard; sourceTree = "<group>"; };
		40E17CAD2C1B9CDC00DD9526 /* ComplectedOrder.swift */ = {isa = PBXFileReference; lastKnownFileType = sourcecode.swift; path = ComplectedOrder.swift; sourceTree = "<group>"; };
		40EB4A8E2C12398F009038FA /* HomeViewController.swift */ = {isa = PBXFileReference; lastKnownFileType = sourcecode.swift; path = HomeViewController.swift; sourceTree = "<group>"; };
		40EB4A902C123AFB009038FA /* AdsCollectionViewCell.swift */ = {isa = PBXFileReference; lastKnownFileType = sourcecode.swift; path = AdsCollectionViewCell.swift; sourceTree = "<group>"; };
		40EB4A912C123AFB009038FA /* AdsCollectionViewCell.xib */ = {isa = PBXFileReference; lastKnownFileType = file.xib; path = AdsCollectionViewCell.xib; sourceTree = "<group>"; };
		40EB4A942C123B72009038FA /* BrandsCollectionViewCell.swift */ = {isa = PBXFileReference; lastKnownFileType = sourcecode.swift; path = BrandsCollectionViewCell.swift; sourceTree = "<group>"; };
		40EB4A952C123B72009038FA /* BrandsCollectionViewCell.xib */ = {isa = PBXFileReference; lastKnownFileType = file.xib; path = BrandsCollectionViewCell.xib; sourceTree = "<group>"; };
		40EB4A982C123BE3009038FA /* ProfileViewController.swift */ = {isa = PBXFileReference; lastKnownFileType = sourcecode.swift; path = ProfileViewController.swift; sourceTree = "<group>"; };
		40EB4A9A2C123C19009038FA /* CategoriesViewController.swift */ = {isa = PBXFileReference; lastKnownFileType = sourcecode.swift; path = CategoriesViewController.swift; sourceTree = "<group>"; };
		40EB4A9D2C124A6C009038FA /* CategoryCollectionViewCell.swift */ = {isa = PBXFileReference; lastKnownFileType = sourcecode.swift; path = CategoryCollectionViewCell.swift; sourceTree = "<group>"; };
		40EB4A9E2C124A6C009038FA /* CategoryCollectionViewCell.xib */ = {isa = PBXFileReference; lastKnownFileType = file.xib; path = CategoryCollectionViewCell.xib; sourceTree = "<group>"; };
		40EB4AA12C1253A7009038FA /* BrandsCollectionViewCell.swift */ = {isa = PBXFileReference; lastKnownFileType = sourcecode.swift; path = BrandsCollectionViewCell.swift; sourceTree = "<group>"; };
		5AEEC5948E4F521E6689FE1E /* Pods-Shopify-ShopifyUITests.release.xcconfig */ = {isa = PBXFileReference; includeInIndex = 1; lastKnownFileType = text.xcconfig; name = "Pods-Shopify-ShopifyUITests.release.xcconfig"; path = "Target Support Files/Pods-Shopify-ShopifyUITests/Pods-Shopify-ShopifyUITests.release.xcconfig"; sourceTree = "<group>"; };
		73932E7C5107A8B2F6CF71BE /* Pods-ShopifyTests.debug.xcconfig */ = {isa = PBXFileReference; includeInIndex = 1; lastKnownFileType = text.xcconfig; name = "Pods-ShopifyTests.debug.xcconfig"; path = "Target Support Files/Pods-ShopifyTests/Pods-ShopifyTests.debug.xcconfig"; sourceTree = "<group>"; };
		87B4E5DFB92934BFFFC82C6E /* Pods-Shopify.release.xcconfig */ = {isa = PBXFileReference; includeInIndex = 1; lastKnownFileType = text.xcconfig; name = "Pods-Shopify.release.xcconfig"; path = "Target Support Files/Pods-Shopify/Pods-Shopify.release.xcconfig"; sourceTree = "<group>"; };
		8E4699A20A7679CB3AC13F07 /* Pods_Shopify_ShopifyUITests.framework */ = {isa = PBXFileReference; explicitFileType = wrapper.framework; includeInIndex = 0; path = Pods_Shopify_ShopifyUITests.framework; sourceTree = BUILT_PRODUCTS_DIR; };
		A4EE0B7AB52F0226EDB94ED3 /* Pods_ShopifyTests.framework */ = {isa = PBXFileReference; explicitFileType = wrapper.framework; includeInIndex = 0; path = Pods_ShopifyTests.framework; sourceTree = BUILT_PRODUCTS_DIR; };
		B087E8802C1ACC6200526CF0 /* Settings.swift */ = {isa = PBXFileReference; lastKnownFileType = sourcecode.swift; path = Settings.swift; sourceTree = "<group>"; };
		B08D6A302C14E1A000894358 /* CustomerS.swift */ = {isa = PBXFileReference; lastKnownFileType = sourcecode.swift; name = CustomerS.swift; path = Shopify/View/Classes/CustomerS.swift; sourceTree = SOURCE_ROOT; };
		B08D6A362C14E93200894358 /* Address.swift */ = {isa = PBXFileReference; lastKnownFileType = sourcecode.swift; path = Address.swift; sourceTree = "<group>"; };
		B08D6A382C15338F00894358 /* AddNewAddressViewModel.swift */ = {isa = PBXFileReference; lastKnownFileType = sourcecode.swift; path = AddNewAddressViewModel.swift; sourceTree = "<group>"; };
		B08D6A3A2C1533CE00894358 /* NetworkManager.swift */ = {isa = PBXFileReference; lastKnownFileType = sourcecode.swift; name = NetworkManager.swift; path = Shopify/Modules/Settings/viewModel/NetworkManager.swift; sourceTree = SOURCE_ROOT; };
		B09A810A2C14B96D00DB8933 /* AddNewAddress.swift */ = {isa = PBXFileReference; lastKnownFileType = sourcecode.swift; path = AddNewAddress.swift; sourceTree = "<group>"; };
		B09B097D2C19C75200A4233B /* AllAddressess.swift */ = {isa = PBXFileReference; lastKnownFileType = sourcecode.swift; path = AllAddressess.swift; sourceTree = "<group>"; };
		B09B097F2C19C78000A4233B /* AllAddressessTableViewCell.swift */ = {isa = PBXFileReference; lastKnownFileType = sourcecode.swift; path = AllAddressessTableViewCell.swift; sourceTree = "<group>"; };
		B09B09812C19C7AE00A4233B /* AllAddressessViewModel.swift */ = {isa = PBXFileReference; lastKnownFileType = sourcecode.swift; path = AllAddressessViewModel.swift; sourceTree = "<group>"; };
		B0B4B0BE2C13695E00FAFFEA /* ShoppingCartViewCell.swift */ = {isa = PBXFileReference; fileEncoding = 4; lastKnownFileType = sourcecode.swift; path = ShoppingCartViewCell.swift; sourceTree = "<group>"; };
		B0B4B0BF2C13696000FAFFEA /* ShoppingCartViewCell.xib */ = {isa = PBXFileReference; fileEncoding = 4; lastKnownFileType = file.xib; path = ShoppingCartViewCell.xib; sourceTree = "<group>"; };
		B0BD90EF2C147F80000C6D88 /* Settings.storyboard */ = {isa = PBXFileReference; lastKnownFileType = file.storyboard; path = Settings.storyboard; sourceTree = "<group>"; };
		F194FB6F0CB9B7B061BD1292 /* Pods-Shopify.debug.xcconfig */ = {isa = PBXFileReference; includeInIndex = 1; lastKnownFileType = text.xcconfig; name = "Pods-Shopify.debug.xcconfig"; path = "Target Support Files/Pods-Shopify/Pods-Shopify.debug.xcconfig"; sourceTree = "<group>"; };
/* End PBXFileReference section */

/* Begin PBXFrameworksBuildPhase section */
		40D96F6A2C112E83000B8D34 /* Frameworks */ = {
			isa = PBXFrameworksBuildPhase;
			buildActionMask = 2147483647;
			files = (
				653D21757C14EE1F07300ACC /* Pods_Shopify.framework in Frameworks */,
			);
			runOnlyForDeploymentPostprocessing = 0;
		};
		40D96F832C112E85000B8D34 /* Frameworks */ = {
			isa = PBXFrameworksBuildPhase;
			buildActionMask = 2147483647;
			files = (
				D488A9618AED639614A73A1B /* Pods_ShopifyTests.framework in Frameworks */,
			);
			runOnlyForDeploymentPostprocessing = 0;
		};
		40D96F8D2C112E85000B8D34 /* Frameworks */ = {
			isa = PBXFrameworksBuildPhase;
			buildActionMask = 2147483647;
			files = (
				AA07553DBEBE337097B63BB9 /* Pods_Shopify_ShopifyUITests.framework in Frameworks */,
			);
			runOnlyForDeploymentPostprocessing = 0;
		};
/* End PBXFrameworksBuildPhase section */

/* Begin PBXGroup section */
		0FC772E7482663BC2AB8D171 /* Frameworks */ = {
			isa = PBXGroup;
			children = (
				0FE8DF2200CDF97D2F50F7E2 /* Pods_Shopify.framework */,
				8E4699A20A7679CB3AC13F07 /* Pods_Shopify_ShopifyUITests.framework */,
				A4EE0B7AB52F0226EDB94ED3 /* Pods_ShopifyTests.framework */,
			);
			name = Frameworks;
			sourceTree = "<group>";
		};
		342BA97BB1151FF9F2DA820D /* Pods */ = {
			isa = PBXGroup;
			children = (
				F194FB6F0CB9B7B061BD1292 /* Pods-Shopify.debug.xcconfig */,
				87B4E5DFB92934BFFFC82C6E /* Pods-Shopify.release.xcconfig */,
				05D4DF40988DDEA774FF42CD /* Pods-Shopify-ShopifyUITests.debug.xcconfig */,
				5AEEC5948E4F521E6689FE1E /* Pods-Shopify-ShopifyUITests.release.xcconfig */,
				73932E7C5107A8B2F6CF71BE /* Pods-ShopifyTests.debug.xcconfig */,
				1AF4386D2EEFBA853DF7CD96 /* Pods-ShopifyTests.release.xcconfig */,
			);
			path = Pods;
			sourceTree = "<group>";
		};
		40292A0B2C13A0BA004954BE /* Services */ = {
			isa = PBXGroup;
			children = (
				40292A0C2C13A0C3004954BE /* NetworkService */,
				40292A0D2C13A0D0004954BE /* CoreDataService */,
			);
			path = Services;
			sourceTree = "<group>";
		};
		40292A0C2C13A0C3004954BE /* NetworkService */ = {
			isa = PBXGroup;
			children = (
				B08D6A3A2C1533CE00894358 /* NetworkManager.swift */,
				40B6BDB62C140C55009A0A07 /* FetchDataFromApi.swift */,
			);
			path = NetworkService;
			sourceTree = "<group>";
		};
		40292A0D2C13A0D0004954BE /* CoreDataService */ = {
			isa = PBXGroup;
			children = (
			);
			path = CoreDataService;
			sourceTree = "<group>";
		};
		407BF8902C139EF000DD45A7 /* Modules */ = {
			isa = PBXGroup;
			children = (
				B08D6A322C14E65500894358 /* Settings */,
				407BF8912C139F0200DD45A7 /* Home */,
				407BF8922C139F1000DD45A7 /* Categories */,
				407BF8932C139F1A00DD45A7 /* Profile */,
			);
			path = Modules;
			sourceTree = "<group>";
		};
		407BF8912C139F0200DD45A7 /* Home */ = {
			isa = PBXGroup;
			children = (
				407BF8942C139F4300DD45A7 /* view */,
			);
			path = Home;
			sourceTree = "<group>";
		};
		407BF8922C139F1000DD45A7 /* Categories */ = {
			isa = PBXGroup;
			children = (
				407BF8992C139FEB00DD45A7 /* view */,
			);
			path = Categories;
			sourceTree = "<group>";
		};
		407BF8932C139F1A00DD45A7 /* Profile */ = {
			isa = PBXGroup;
			children = (
				407BF8982C139FE200DD45A7 /* view */,
			);
			path = Profile;
			sourceTree = "<group>";
		};
		407BF8942C139F4300DD45A7 /* view */ = {
			isa = PBXGroup;
			children = (
				40EB4A8E2C12398F009038FA /* HomeViewController.swift */,
				40B6BDB22C14079D009A0A07 /* AllProductsViewController.swift */,
			);
			path = view;
			sourceTree = "<group>";
		};
		407BF8952C139F5F00DD45A7 /* View */ = {
			isa = PBXGroup;
			children = (
				407BF8962C139F6700DD45A7 /* InterfaceBuilder */,
				407BF8972C139F8300DD45A7 /* Classes */,
			);
			path = View;
			sourceTree = "<group>";
		};
		407BF8962C139F6700DD45A7 /* InterfaceBuilder */ = {
			isa = PBXGroup;
			children = (
				B0B4B0BF2C13696000FAFFEA /* ShoppingCartViewCell.xib */,
				40D96F762C112E83000B8D34 /* Main.storyboard */,
				40D96F7E2C112E85000B8D34 /* LaunchScreen.storyboard */,
				40D96FA32C112EDC000B8D34 /* Auth.storyboard */,
				40D96FA52C112F2C000B8D34 /* Payment.storyboard */,
				40EB4A912C123AFB009038FA /* AdsCollectionViewCell.xib */,
				40EB4A952C123B72009038FA /* BrandsCollectionViewCell.xib */,
				40EB4A9E2C124A6C009038FA /* CategoryCollectionViewCell.xib */,
				401ACAEB2C133E6600EC1B29 /* OrdersTableViewCell.xib */,
				401ACAEF2C133EA500EC1B29 /* WishListTableViewCell.xib */,
				B0BD90EF2C147F80000C6D88 /* Settings.storyboard */,
			);
			path = InterfaceBuilder;
			sourceTree = "<group>";
		};
		407BF8972C139F8300DD45A7 /* Classes */ = {
			isa = PBXGroup;
			children = (
				40EB4A902C123AFB009038FA /* AdsCollectionViewCell.swift */,
				40EB4AA12C1253A7009038FA /* BrandsCollectionViewCell.swift */,
				40EB4A9D2C124A6C009038FA /* CategoryCollectionViewCell.swift */,
				401ACAEA2C133E6600EC1B29 /* OrdersTableViewCell.swift */,
				401ACAEE2C133EA500EC1B29 /* WishListTableViewCell.swift */,
				B0B4B0BE2C13695E00FAFFEA /* ShoppingCartViewCell.swift */,
				403303C62C13642A001EE7CB /* SelectCategory.swift */,
			);
			path = Classes;
			sourceTree = "<group>";
		};
		407BF8982C139FE200DD45A7 /* view */ = {
			isa = PBXGroup;
			children = (
				40EB4A982C123BE3009038FA /* ProfileViewController.swift */,
				4078A6D12C186D5400CF6D02 /* MoreOrdersViewController.swift */,
				4078A6D32C186D6600CF6D02 /* MoreWishesViewController.swift */,
				4043AB362C1A79B30037C03A /* OrderDetailsViewController.swift */,
			);
			path = view;
			sourceTree = "<group>";
		};
		407BF8992C139FEB00DD45A7 /* view */ = {
			isa = PBXGroup;
			children = (
				40EB4A9A2C123C19009038FA /* CategoriesViewController.swift */,
			);
			path = view;
			sourceTree = "<group>";
		};
		407BF89A2C139FFF00DD45A7 /* Model */ = {
			isa = PBXGroup;
			children = (
				B08D6A302C14E1A000894358 /* CustomerS.swift */,
				40B6BDB42C140C3E009A0A07 /* Brand.swift */,
				40B6BDB82C1417E3009A0A07 /* BrandProduct.swift */,
				40E17CAD2C1B9CDC00DD9526 /* ComplectedOrder.swift */,
			);
			path = Model;
			sourceTree = "<group>";
		};
		407BF89B2C13A01100DD45A7 /* Utils */ = {
			isa = PBXGroup;
			children = (
			);
			path = Utils;
			sourceTree = "<group>";
		};
		40CCD8E92C19466D005513B2 /* Constants */ = {
			isa = PBXGroup;
			children = (
				40CCD8EA2C194679005513B2 /* Constants.swift */,
			);
			path = Constants;
			sourceTree = "<group>";
		};
		40D96F642C112E83000B8D34 = {
			isa = PBXGroup;
			children = (
				40D96F6F2C112E83000B8D34 /* Shopify */,
				40D96F892C112E85000B8D34 /* ShopifyTests */,
				40D96F932C112E85000B8D34 /* ShopifyUITests */,
				40D96F6E2C112E83000B8D34 /* Products */,
				342BA97BB1151FF9F2DA820D /* Pods */,
				0FC772E7482663BC2AB8D171 /* Frameworks */,
			);
			sourceTree = "<group>";
		};
		40D96F6E2C112E83000B8D34 /* Products */ = {
			isa = PBXGroup;
			children = (
				40D96F6D2C112E83000B8D34 /* Shopify.app */,
				40D96F862C112E85000B8D34 /* ShopifyTests.xctest */,
				40D96F902C112E85000B8D34 /* ShopifyUITests.xctest */,
			);
			name = Products;
			sourceTree = "<group>";
		};
		40D96F6F2C112E83000B8D34 /* Shopify */ = {
			isa = PBXGroup;
			children = (
				40CCD8E92C19466D005513B2 /* Constants */,
				407BF89A2C139FFF00DD45A7 /* Model */,
				407BF8952C139F5F00DD45A7 /* View */,
				407BF8902C139EF000DD45A7 /* Modules */,
				40292A0B2C13A0BA004954BE /* Services */,
				407BF89B2C13A01100DD45A7 /* Utils */,
				40D96F702C112E83000B8D34 /* AppDelegate.swift */,
				40D96F722C112E83000B8D34 /* SceneDelegate.swift */,
				40D96F742C112E83000B8D34 /* ViewController.swift */,
				40D96F7C2C112E85000B8D34 /* Assets.xcassets */,
				40D96F812C112E85000B8D34 /* Info.plist */,
				40D96F792C112E83000B8D34 /* Shopify.xcdatamodeld */,
				10B2E8E62C11A54100CE25D1 /* testFile.swift */,
			);
			path = Shopify;
			sourceTree = "<group>";
		};
		40D96F892C112E85000B8D34 /* ShopifyTests */ = {
			isa = PBXGroup;
			children = (
				40D96F8A2C112E85000B8D34 /* ShopifyTests.swift */,
			);
			path = ShopifyTests;
			sourceTree = "<group>";
		};
		40D96F932C112E85000B8D34 /* ShopifyUITests */ = {
			isa = PBXGroup;
			children = (
				40EB4A942C123B72009038FA /* BrandsCollectionViewCell.swift */,
				40D96F942C112E85000B8D34 /* ShopifyUITests.swift */,
				40D96F962C112E85000B8D34 /* ShopifyUITestsLaunchTests.swift */,
			);
			path = ShopifyUITests;
			sourceTree = "<group>";
		};
		B08D6A322C14E65500894358 /* Settings */ = {
			isa = PBXGroup;
			children = (
				B08D6A342C14E67500894358 /* model */,
				B08D6A332C14E66E00894358 /* view */,
				B08D6A352C14E68100894358 /* viewModel */,
			);
			path = Settings;
			sourceTree = "<group>";
		};
		B08D6A332C14E66E00894358 /* view */ = {
			isa = PBXGroup;
			children = (
				B09A810A2C14B96D00DB8933 /* AddNewAddress.swift */,
				B09B097D2C19C75200A4233B /* AllAddressess.swift */,
				B09B097F2C19C78000A4233B /* AllAddressessTableViewCell.swift */,
				B087E8802C1ACC6200526CF0 /* Settings.swift */,
			);
			path = view;
			sourceTree = "<group>";
		};
		B08D6A342C14E67500894358 /* model */ = {
			isa = PBXGroup;
			children = (
				B08D6A362C14E93200894358 /* Address.swift */,
			);
			path = model;
			sourceTree = "<group>";
		};
		B08D6A352C14E68100894358 /* viewModel */ = {
			isa = PBXGroup;
			children = (
				B08D6A382C15338F00894358 /* AddNewAddressViewModel.swift */,
				B09B09812C19C7AE00A4233B /* AllAddressessViewModel.swift */,
			);
			path = viewModel;
			sourceTree = "<group>";
		};
/* End PBXGroup section */

/* Begin PBXNativeTarget section */
		40D96F6C2C112E83000B8D34 /* Shopify */ = {
			isa = PBXNativeTarget;
			buildConfigurationList = 40D96F9A2C112E85000B8D34 /* Build configuration list for PBXNativeTarget "Shopify" */;
			buildPhases = (
				ECCBF45FD26CEB49EEDF8F3A /* [CP] Check Pods Manifest.lock */,
				40D96F692C112E83000B8D34 /* Sources */,
				40D96F6A2C112E83000B8D34 /* Frameworks */,
				40D96F6B2C112E83000B8D34 /* Resources */,
				AC15E4DD923F6E1CD0FB7F67 /* [CP] Embed Pods Frameworks */,
			);
			buildRules = (
			);
			dependencies = (
			);
			name = Shopify;
			productName = Shopify;
			productReference = 40D96F6D2C112E83000B8D34 /* Shopify.app */;
			productType = "com.apple.product-type.application";
		};
		40D96F852C112E85000B8D34 /* ShopifyTests */ = {
			isa = PBXNativeTarget;
			buildConfigurationList = 40D96F9D2C112E85000B8D34 /* Build configuration list for PBXNativeTarget "ShopifyTests" */;
			buildPhases = (
				DB7C552EE88DCEE95318BED5 /* [CP] Check Pods Manifest.lock */,
				40D96F822C112E85000B8D34 /* Sources */,
				40D96F832C112E85000B8D34 /* Frameworks */,
				40D96F842C112E85000B8D34 /* Resources */,
			);
			buildRules = (
			);
			dependencies = (
				40D96F882C112E85000B8D34 /* PBXTargetDependency */,
			);
			name = ShopifyTests;
			productName = ShopifyTests;
			productReference = 40D96F862C112E85000B8D34 /* ShopifyTests.xctest */;
			productType = "com.apple.product-type.bundle.unit-test";
		};
		40D96F8F2C112E85000B8D34 /* ShopifyUITests */ = {
			isa = PBXNativeTarget;
			buildConfigurationList = 40D96FA02C112E85000B8D34 /* Build configuration list for PBXNativeTarget "ShopifyUITests" */;
			buildPhases = (
				0EFD821ACE3069FABAE860D9 /* [CP] Check Pods Manifest.lock */,
				40D96F8C2C112E85000B8D34 /* Sources */,
				40D96F8D2C112E85000B8D34 /* Frameworks */,
				40D96F8E2C112E85000B8D34 /* Resources */,
				6111D048CDDC0FF36BBF14B2 /* [CP] Embed Pods Frameworks */,
			);
			buildRules = (
			);
			dependencies = (
				40D96F922C112E85000B8D34 /* PBXTargetDependency */,
			);
			name = ShopifyUITests;
			productName = ShopifyUITests;
			productReference = 40D96F902C112E85000B8D34 /* ShopifyUITests.xctest */;
			productType = "com.apple.product-type.bundle.ui-testing";
		};
/* End PBXNativeTarget section */

/* Begin PBXProject section */
		40D96F652C112E83000B8D34 /* Project object */ = {
			isa = PBXProject;
			attributes = {
				BuildIndependentTargetsInParallel = 1;
				LastSwiftUpdateCheck = 1530;
				LastUpgradeCheck = 1530;
				TargetAttributes = {
					40D96F6C2C112E83000B8D34 = {
						CreatedOnToolsVersion = 15.3;
					};
					40D96F852C112E85000B8D34 = {
						CreatedOnToolsVersion = 15.3;
						TestTargetID = 40D96F6C2C112E83000B8D34;
					};
					40D96F8F2C112E85000B8D34 = {
						CreatedOnToolsVersion = 15.3;
						TestTargetID = 40D96F6C2C112E83000B8D34;
					};
				};
			};
			buildConfigurationList = 40D96F682C112E83000B8D34 /* Build configuration list for PBXProject "Shopify" */;
			compatibilityVersion = "Xcode 14.0";
			developmentRegion = en;
			hasScannedForEncodings = 0;
			knownRegions = (
				en,
				Base,
			);
			mainGroup = 40D96F642C112E83000B8D34;
			productRefGroup = 40D96F6E2C112E83000B8D34 /* Products */;
			projectDirPath = "";
			projectRoot = "";
			targets = (
				40D96F6C2C112E83000B8D34 /* Shopify */,
				40D96F852C112E85000B8D34 /* ShopifyTests */,
				40D96F8F2C112E85000B8D34 /* ShopifyUITests */,
			);
		};
/* End PBXProject section */

/* Begin PBXResourcesBuildPhase section */
		40D96F6B2C112E83000B8D34 /* Resources */ = {
			isa = PBXResourcesBuildPhase;
			buildActionMask = 2147483647;
			files = (
				40D96F7D2C112E85000B8D34 /* Assets.xcassets in Resources */,
				40EB4A932C123AFB009038FA /* AdsCollectionViewCell.xib in Resources */,
				401ACAF02C133EA500EC1B29 /* WishListTableViewCell.xib in Resources */,
				B0BD90F02C147F80000C6D88 /* Settings.storyboard in Resources */,
				401ACAEC2C133E6600EC1B29 /* OrdersTableViewCell.xib in Resources */,
				40D96FA62C112F2C000B8D34 /* Payment.storyboard in Resources */,
				B0B4B0C12C13696100FAFFEA /* ShoppingCartViewCell.xib in Resources */,
				40EB4A972C123B72009038FA /* BrandsCollectionViewCell.xib in Resources */,
				40EB4AA02C124A6C009038FA /* CategoryCollectionViewCell.xib in Resources */,
				40D96F802C112E85000B8D34 /* Base in Resources */,
				40D96F782C112E83000B8D34 /* Base in Resources */,
				40D96FA42C112EDC000B8D34 /* Auth.storyboard in Resources */,
			);
			runOnlyForDeploymentPostprocessing = 0;
		};
		40D96F842C112E85000B8D34 /* Resources */ = {
			isa = PBXResourcesBuildPhase;
			buildActionMask = 2147483647;
			files = (
			);
			runOnlyForDeploymentPostprocessing = 0;
		};
		40D96F8E2C112E85000B8D34 /* Resources */ = {
			isa = PBXResourcesBuildPhase;
			buildActionMask = 2147483647;
			files = (
			);
			runOnlyForDeploymentPostprocessing = 0;
		};
/* End PBXResourcesBuildPhase section */

/* Begin PBXShellScriptBuildPhase section */
		0EFD821ACE3069FABAE860D9 /* [CP] Check Pods Manifest.lock */ = {
			isa = PBXShellScriptBuildPhase;
			buildActionMask = 2147483647;
			files = (
			);
			inputFileListPaths = (
			);
			inputPaths = (
				"${PODS_PODFILE_DIR_PATH}/Podfile.lock",
				"${PODS_ROOT}/Manifest.lock",
			);
			name = "[CP] Check Pods Manifest.lock";
			outputFileListPaths = (
			);
			outputPaths = (
				"$(DERIVED_FILE_DIR)/Pods-Shopify-ShopifyUITests-checkManifestLockResult.txt",
			);
			runOnlyForDeploymentPostprocessing = 0;
			shellPath = /bin/sh;
			shellScript = "diff \"${PODS_PODFILE_DIR_PATH}/Podfile.lock\" \"${PODS_ROOT}/Manifest.lock\" > /dev/null\nif [ $? != 0 ] ; then\n    # print error to STDERR\n    echo \"error: The sandbox is not in sync with the Podfile.lock. Run 'pod install' or update your CocoaPods installation.\" >&2\n    exit 1\nfi\n# This output is used by Xcode 'outputs' to avoid re-running this script phase.\necho \"SUCCESS\" > \"${SCRIPT_OUTPUT_FILE_0}\"\n";
			showEnvVarsInLog = 0;
		};
		6111D048CDDC0FF36BBF14B2 /* [CP] Embed Pods Frameworks */ = {
			isa = PBXShellScriptBuildPhase;
			buildActionMask = 2147483647;
			files = (
			);
			inputFileListPaths = (
				"${PODS_ROOT}/Target Support Files/Pods-Shopify-ShopifyUITests/Pods-Shopify-ShopifyUITests-frameworks-${CONFIGURATION}-input-files.xcfilelist",
			);
			name = "[CP] Embed Pods Frameworks";
			outputFileListPaths = (
				"${PODS_ROOT}/Target Support Files/Pods-Shopify-ShopifyUITests/Pods-Shopify-ShopifyUITests-frameworks-${CONFIGURATION}-output-files.xcfilelist",
			);
			runOnlyForDeploymentPostprocessing = 0;
			shellPath = /bin/sh;
			shellScript = "\"${PODS_ROOT}/Target Support Files/Pods-Shopify-ShopifyUITests/Pods-Shopify-ShopifyUITests-frameworks.sh\"\n";
			showEnvVarsInLog = 0;
		};
		AC15E4DD923F6E1CD0FB7F67 /* [CP] Embed Pods Frameworks */ = {
			isa = PBXShellScriptBuildPhase;
			buildActionMask = 2147483647;
			files = (
			);
			inputFileListPaths = (
				"${PODS_ROOT}/Target Support Files/Pods-Shopify/Pods-Shopify-frameworks-${CONFIGURATION}-input-files.xcfilelist",
			);
			name = "[CP] Embed Pods Frameworks";
			outputFileListPaths = (
				"${PODS_ROOT}/Target Support Files/Pods-Shopify/Pods-Shopify-frameworks-${CONFIGURATION}-output-files.xcfilelist",
			);
			runOnlyForDeploymentPostprocessing = 0;
			shellPath = /bin/sh;
			shellScript = "\"${PODS_ROOT}/Target Support Files/Pods-Shopify/Pods-Shopify-frameworks.sh\"\n";
			showEnvVarsInLog = 0;
		};
		DB7C552EE88DCEE95318BED5 /* [CP] Check Pods Manifest.lock */ = {
			isa = PBXShellScriptBuildPhase;
			buildActionMask = 2147483647;
			files = (
			);
			inputFileListPaths = (
			);
			inputPaths = (
				"${PODS_PODFILE_DIR_PATH}/Podfile.lock",
				"${PODS_ROOT}/Manifest.lock",
			);
			name = "[CP] Check Pods Manifest.lock";
			outputFileListPaths = (
			);
			outputPaths = (
				"$(DERIVED_FILE_DIR)/Pods-ShopifyTests-checkManifestLockResult.txt",
			);
			runOnlyForDeploymentPostprocessing = 0;
			shellPath = /bin/sh;
			shellScript = "diff \"${PODS_PODFILE_DIR_PATH}/Podfile.lock\" \"${PODS_ROOT}/Manifest.lock\" > /dev/null\nif [ $? != 0 ] ; then\n    # print error to STDERR\n    echo \"error: The sandbox is not in sync with the Podfile.lock. Run 'pod install' or update your CocoaPods installation.\" >&2\n    exit 1\nfi\n# This output is used by Xcode 'outputs' to avoid re-running this script phase.\necho \"SUCCESS\" > \"${SCRIPT_OUTPUT_FILE_0}\"\n";
			showEnvVarsInLog = 0;
		};
		ECCBF45FD26CEB49EEDF8F3A /* [CP] Check Pods Manifest.lock */ = {
			isa = PBXShellScriptBuildPhase;
			buildActionMask = 2147483647;
			files = (
			);
			inputFileListPaths = (
			);
			inputPaths = (
				"${PODS_PODFILE_DIR_PATH}/Podfile.lock",
				"${PODS_ROOT}/Manifest.lock",
			);
			name = "[CP] Check Pods Manifest.lock";
			outputFileListPaths = (
			);
			outputPaths = (
				"$(DERIVED_FILE_DIR)/Pods-Shopify-checkManifestLockResult.txt",
			);
			runOnlyForDeploymentPostprocessing = 0;
			shellPath = /bin/sh;
			shellScript = "diff \"${PODS_PODFILE_DIR_PATH}/Podfile.lock\" \"${PODS_ROOT}/Manifest.lock\" > /dev/null\nif [ $? != 0 ] ; then\n    # print error to STDERR\n    echo \"error: The sandbox is not in sync with the Podfile.lock. Run 'pod install' or update your CocoaPods installation.\" >&2\n    exit 1\nfi\n# This output is used by Xcode 'outputs' to avoid re-running this script phase.\necho \"SUCCESS\" > \"${SCRIPT_OUTPUT_FILE_0}\"\n";
			showEnvVarsInLog = 0;
		};
/* End PBXShellScriptBuildPhase section */

/* Begin PBXSourcesBuildPhase section */
		40D96F692C112E83000B8D34 /* Sources */ = {
			isa = PBXSourcesBuildPhase;
			buildActionMask = 2147483647;
			files = (
				B08D6A372C14E93200894358 /* Address.swift in Sources */,
				4078A6D42C186D6600CF6D02 /* MoreWishesViewController.swift in Sources */,
				40CCD8EB2C194679005513B2 /* Constants.swift in Sources */,
				40B6BDB92C1417E3009A0A07 /* BrandProduct.swift in Sources */,
				40B6BDB52C140C3E009A0A07 /* Brand.swift in Sources */,
				40D96F752C112E83000B8D34 /* ViewController.swift in Sources */,
				40EB4A922C123AFB009038FA /* AdsCollectionViewCell.swift in Sources */,
				40D96F712C112E83000B8D34 /* AppDelegate.swift in Sources */,
				B0B4B0C02C13696100FAFFEA /* ShoppingCartViewCell.swift in Sources */,
				40EB4AA22C1253A7009038FA /* BrandsCollectionViewCell.swift in Sources */,
				B09B097E2C19C75200A4233B /* AllAddressess.swift in Sources */,
				B09B09802C19C78000A4233B /* AllAddressessTableViewCell.swift in Sources */,
				40EB4A9B2C123C19009038FA /* CategoriesViewController.swift in Sources */,
				B087E8812C1ACC6200526CF0 /* Settings.swift in Sources */,
				40B6BDB32C14079D009A0A07 /* AllProductsViewController.swift in Sources */,
				40D96F7B2C112E83000B8D34 /* Shopify.xcdatamodeld in Sources */,
				B09A810B2C14B96D00DB8933 /* AddNewAddress.swift in Sources */,
				401ACAF12C133EA500EC1B29 /* WishListTableViewCell.swift in Sources */,
				403303C72C13642A001EE7CB /* SelectCategory.swift in Sources */,
				10B2E8E72C11A54100CE25D1 /* testFile.swift in Sources */,
				B08D6A3B2C1533CE00894358 /* NetworkManager.swift in Sources */,
				40EB4A9F2C124A6C009038FA /* CategoryCollectionViewCell.swift in Sources */,
				4078A6D22C186D5400CF6D02 /* MoreOrdersViewController.swift in Sources */,
				40EB4A992C123BE3009038FA /* ProfileViewController.swift in Sources */,
				40E17CAE2C1B9CDC00DD9526 /* ComplectedOrder.swift in Sources */,
				40D96F732C112E83000B8D34 /* SceneDelegate.swift in Sources */,
				401ACAED2C133E6600EC1B29 /* OrdersTableViewCell.swift in Sources */,
				40EB4A8F2C12398F009038FA /* HomeViewController.swift in Sources */,
				B09B09822C19C7AE00A4233B /* AllAddressessViewModel.swift in Sources */,
				B08D6A312C14E1A000894358 /* CustomerS.swift in Sources */,
				B08D6A392C15338F00894358 /* AddNewAddressViewModel.swift in Sources */,
				40B6BDB72C140C55009A0A07 /* FetchDataFromApi.swift in Sources */,
				4043AB372C1A79B30037C03A /* OrderDetailsViewController.swift in Sources */,
			);
			runOnlyForDeploymentPostprocessing = 0;
		};
		40D96F822C112E85000B8D34 /* Sources */ = {
			isa = PBXSourcesBuildPhase;
			buildActionMask = 2147483647;
			files = (
				40D96F8B2C112E85000B8D34 /* ShopifyTests.swift in Sources */,
			);
			runOnlyForDeploymentPostprocessing = 0;
		};
		40D96F8C2C112E85000B8D34 /* Sources */ = {
			isa = PBXSourcesBuildPhase;
			buildActionMask = 2147483647;
			files = (
				40D96F952C112E85000B8D34 /* ShopifyUITests.swift in Sources */,
				40EB4A9C2C1249F1009038FA /* BrandsCollectionViewCell.swift in Sources */,
				40D96F972C112E85000B8D34 /* ShopifyUITestsLaunchTests.swift in Sources */,
			);
			runOnlyForDeploymentPostprocessing = 0;
		};
/* End PBXSourcesBuildPhase section */

/* Begin PBXTargetDependency section */
		40D96F882C112E85000B8D34 /* PBXTargetDependency */ = {
			isa = PBXTargetDependency;
			target = 40D96F6C2C112E83000B8D34 /* Shopify */;
			targetProxy = 40D96F872C112E85000B8D34 /* PBXContainerItemProxy */;
		};
		40D96F922C112E85000B8D34 /* PBXTargetDependency */ = {
			isa = PBXTargetDependency;
			target = 40D96F6C2C112E83000B8D34 /* Shopify */;
			targetProxy = 40D96F912C112E85000B8D34 /* PBXContainerItemProxy */;
		};
/* End PBXTargetDependency section */

/* Begin PBXVariantGroup section */
		40D96F762C112E83000B8D34 /* Main.storyboard */ = {
			isa = PBXVariantGroup;
			children = (
				40D96F772C112E83000B8D34 /* Base */,
			);
			name = Main.storyboard;
			sourceTree = "<group>";
		};
		40D96F7E2C112E85000B8D34 /* LaunchScreen.storyboard */ = {
			isa = PBXVariantGroup;
			children = (
				40D96F7F2C112E85000B8D34 /* Base */,
			);
			name = LaunchScreen.storyboard;
			sourceTree = "<group>";
		};
/* End PBXVariantGroup section */

/* Begin XCBuildConfiguration section */
		40D96F982C112E85000B8D34 /* Debug */ = {
			isa = XCBuildConfiguration;
			buildSettings = {
				ALWAYS_SEARCH_USER_PATHS = NO;
				ASSETCATALOG_COMPILER_GENERATE_SWIFT_ASSET_SYMBOL_EXTENSIONS = YES;
				CLANG_ANALYZER_NONNULL = YES;
				CLANG_ANALYZER_NUMBER_OBJECT_CONVERSION = YES_AGGRESSIVE;
				CLANG_CXX_LANGUAGE_STANDARD = "gnu++20";
				CLANG_ENABLE_MODULES = YES;
				CLANG_ENABLE_OBJC_ARC = YES;
				CLANG_ENABLE_OBJC_WEAK = YES;
				CLANG_WARN_BLOCK_CAPTURE_AUTORELEASING = YES;
				CLANG_WARN_BOOL_CONVERSION = YES;
				CLANG_WARN_COMMA = YES;
				CLANG_WARN_CONSTANT_CONVERSION = YES;
				CLANG_WARN_DEPRECATED_OBJC_IMPLEMENTATIONS = YES;
				CLANG_WARN_DIRECT_OBJC_ISA_USAGE = YES_ERROR;
				CLANG_WARN_DOCUMENTATION_COMMENTS = YES;
				CLANG_WARN_EMPTY_BODY = YES;
				CLANG_WARN_ENUM_CONVERSION = YES;
				CLANG_WARN_INFINITE_RECURSION = YES;
				CLANG_WARN_INT_CONVERSION = YES;
				CLANG_WARN_NON_LITERAL_NULL_CONVERSION = YES;
				CLANG_WARN_OBJC_IMPLICIT_RETAIN_SELF = YES;
				CLANG_WARN_OBJC_LITERAL_CONVERSION = YES;
				CLANG_WARN_OBJC_ROOT_CLASS = YES_ERROR;
				CLANG_WARN_QUOTED_INCLUDE_IN_FRAMEWORK_HEADER = YES;
				CLANG_WARN_RANGE_LOOP_ANALYSIS = YES;
				CLANG_WARN_STRICT_PROTOTYPES = YES;
				CLANG_WARN_SUSPICIOUS_MOVE = YES;
				CLANG_WARN_UNGUARDED_AVAILABILITY = YES_AGGRESSIVE;
				CLANG_WARN_UNREACHABLE_CODE = YES;
				CLANG_WARN__DUPLICATE_METHOD_MATCH = YES;
				COPY_PHASE_STRIP = NO;
				DEBUG_INFORMATION_FORMAT = dwarf;
				ENABLE_STRICT_OBJC_MSGSEND = YES;
				ENABLE_TESTABILITY = YES;
				ENABLE_USER_SCRIPT_SANDBOXING = YES;
				GCC_C_LANGUAGE_STANDARD = gnu17;
				GCC_DYNAMIC_NO_PIC = NO;
				GCC_NO_COMMON_BLOCKS = YES;
				GCC_OPTIMIZATION_LEVEL = 0;
				GCC_PREPROCESSOR_DEFINITIONS = (
					"DEBUG=1",
					"$(inherited)",
				);
				GCC_WARN_64_TO_32_BIT_CONVERSION = YES;
				GCC_WARN_ABOUT_RETURN_TYPE = YES_ERROR;
				GCC_WARN_UNDECLARED_SELECTOR = YES;
				GCC_WARN_UNINITIALIZED_AUTOS = YES_AGGRESSIVE;
				GCC_WARN_UNUSED_FUNCTION = YES;
				GCC_WARN_UNUSED_VARIABLE = YES;
				IPHONEOS_DEPLOYMENT_TARGET = 17.4;
				LOCALIZATION_PREFERS_STRING_CATALOGS = YES;
				MTL_ENABLE_DEBUG_INFO = INCLUDE_SOURCE;
				MTL_FAST_MATH = YES;
				ONLY_ACTIVE_ARCH = YES;
				SDKROOT = iphoneos;
				SWIFT_ACTIVE_COMPILATION_CONDITIONS = "DEBUG $(inherited)";
				SWIFT_OPTIMIZATION_LEVEL = "-Onone";
			};
			name = Debug;
		};
		40D96F992C112E85000B8D34 /* Release */ = {
			isa = XCBuildConfiguration;
			buildSettings = {
				ALWAYS_SEARCH_USER_PATHS = NO;
				ASSETCATALOG_COMPILER_GENERATE_SWIFT_ASSET_SYMBOL_EXTENSIONS = YES;
				CLANG_ANALYZER_NONNULL = YES;
				CLANG_ANALYZER_NUMBER_OBJECT_CONVERSION = YES_AGGRESSIVE;
				CLANG_CXX_LANGUAGE_STANDARD = "gnu++20";
				CLANG_ENABLE_MODULES = YES;
				CLANG_ENABLE_OBJC_ARC = YES;
				CLANG_ENABLE_OBJC_WEAK = YES;
				CLANG_WARN_BLOCK_CAPTURE_AUTORELEASING = YES;
				CLANG_WARN_BOOL_CONVERSION = YES;
				CLANG_WARN_COMMA = YES;
				CLANG_WARN_CONSTANT_CONVERSION = YES;
				CLANG_WARN_DEPRECATED_OBJC_IMPLEMENTATIONS = YES;
				CLANG_WARN_DIRECT_OBJC_ISA_USAGE = YES_ERROR;
				CLANG_WARN_DOCUMENTATION_COMMENTS = YES;
				CLANG_WARN_EMPTY_BODY = YES;
				CLANG_WARN_ENUM_CONVERSION = YES;
				CLANG_WARN_INFINITE_RECURSION = YES;
				CLANG_WARN_INT_CONVERSION = YES;
				CLANG_WARN_NON_LITERAL_NULL_CONVERSION = YES;
				CLANG_WARN_OBJC_IMPLICIT_RETAIN_SELF = YES;
				CLANG_WARN_OBJC_LITERAL_CONVERSION = YES;
				CLANG_WARN_OBJC_ROOT_CLASS = YES_ERROR;
				CLANG_WARN_QUOTED_INCLUDE_IN_FRAMEWORK_HEADER = YES;
				CLANG_WARN_RANGE_LOOP_ANALYSIS = YES;
				CLANG_WARN_STRICT_PROTOTYPES = YES;
				CLANG_WARN_SUSPICIOUS_MOVE = YES;
				CLANG_WARN_UNGUARDED_AVAILABILITY = YES_AGGRESSIVE;
				CLANG_WARN_UNREACHABLE_CODE = YES;
				CLANG_WARN__DUPLICATE_METHOD_MATCH = YES;
				COPY_PHASE_STRIP = NO;
				DEBUG_INFORMATION_FORMAT = "dwarf-with-dsym";
				ENABLE_NS_ASSERTIONS = NO;
				ENABLE_STRICT_OBJC_MSGSEND = YES;
				ENABLE_USER_SCRIPT_SANDBOXING = YES;
				GCC_C_LANGUAGE_STANDARD = gnu17;
				GCC_NO_COMMON_BLOCKS = YES;
				GCC_WARN_64_TO_32_BIT_CONVERSION = YES;
				GCC_WARN_ABOUT_RETURN_TYPE = YES_ERROR;
				GCC_WARN_UNDECLARED_SELECTOR = YES;
				GCC_WARN_UNINITIALIZED_AUTOS = YES_AGGRESSIVE;
				GCC_WARN_UNUSED_FUNCTION = YES;
				GCC_WARN_UNUSED_VARIABLE = YES;
				IPHONEOS_DEPLOYMENT_TARGET = 17.4;
				LOCALIZATION_PREFERS_STRING_CATALOGS = YES;
				MTL_ENABLE_DEBUG_INFO = NO;
				MTL_FAST_MATH = YES;
				SDKROOT = iphoneos;
				SWIFT_COMPILATION_MODE = wholemodule;
				VALIDATE_PRODUCT = YES;
			};
			name = Release;
		};
		40D96F9B2C112E85000B8D34 /* Debug */ = {
			isa = XCBuildConfiguration;
			baseConfigurationReference = F194FB6F0CB9B7B061BD1292 /* Pods-Shopify.debug.xcconfig */;
			buildSettings = {
				ASSETCATALOG_COMPILER_APPICON_NAME = AppIcon;
				ASSETCATALOG_COMPILER_GLOBAL_ACCENT_COLOR_NAME = AccentColor;
				CODE_SIGN_STYLE = Automatic;
				CURRENT_PROJECT_VERSION = 1;
				ENABLE_USER_SCRIPT_SANDBOXING = NO;
				GENERATE_INFOPLIST_FILE = YES;
				INFOPLIST_FILE = Shopify/Info.plist;
				INFOPLIST_KEY_UIApplicationSupportsIndirectInputEvents = YES;
				INFOPLIST_KEY_UILaunchStoryboardName = LaunchScreen;
				INFOPLIST_KEY_UIMainStoryboardFile = Main;
				INFOPLIST_KEY_UISupportedInterfaceOrientations_iPad = "UIInterfaceOrientationPortrait UIInterfaceOrientationPortraitUpsideDown UIInterfaceOrientationLandscapeLeft UIInterfaceOrientationLandscapeRight";
				INFOPLIST_KEY_UISupportedInterfaceOrientations_iPhone = "UIInterfaceOrientationPortrait UIInterfaceOrientationLandscapeLeft UIInterfaceOrientationLandscapeRight";
				IPHONEOS_DEPLOYMENT_TARGET = 15.0;
				LD_RUNPATH_SEARCH_PATHS = (
					"$(inherited)",
					"@executable_path/Frameworks",
				);
				MARKETING_VERSION = 1.0;
				PRODUCT_BUNDLE_IDENTIFIER = ITI.Shopify;
				PRODUCT_NAME = "$(TARGET_NAME)";
				SWIFT_EMIT_LOC_STRINGS = YES;
				SWIFT_VERSION = 5.0;
				TARGETED_DEVICE_FAMILY = "1,2";
			};
			name = Debug;
		};
		40D96F9C2C112E85000B8D34 /* Release */ = {
			isa = XCBuildConfiguration;
			baseConfigurationReference = 87B4E5DFB92934BFFFC82C6E /* Pods-Shopify.release.xcconfig */;
			buildSettings = {
				ASSETCATALOG_COMPILER_APPICON_NAME = AppIcon;
				ASSETCATALOG_COMPILER_GLOBAL_ACCENT_COLOR_NAME = AccentColor;
				CODE_SIGN_STYLE = Automatic;
				CURRENT_PROJECT_VERSION = 1;
				ENABLE_USER_SCRIPT_SANDBOXING = NO;
				GENERATE_INFOPLIST_FILE = YES;
				INFOPLIST_FILE = Shopify/Info.plist;
				INFOPLIST_KEY_UIApplicationSupportsIndirectInputEvents = YES;
				INFOPLIST_KEY_UILaunchStoryboardName = LaunchScreen;
				INFOPLIST_KEY_UIMainStoryboardFile = Main;
				INFOPLIST_KEY_UISupportedInterfaceOrientations_iPad = "UIInterfaceOrientationPortrait UIInterfaceOrientationPortraitUpsideDown UIInterfaceOrientationLandscapeLeft UIInterfaceOrientationLandscapeRight";
				INFOPLIST_KEY_UISupportedInterfaceOrientations_iPhone = "UIInterfaceOrientationPortrait UIInterfaceOrientationLandscapeLeft UIInterfaceOrientationLandscapeRight";
				IPHONEOS_DEPLOYMENT_TARGET = 15.0;
				LD_RUNPATH_SEARCH_PATHS = (
					"$(inherited)",
					"@executable_path/Frameworks",
				);
				MARKETING_VERSION = 1.0;
				PRODUCT_BUNDLE_IDENTIFIER = ITI.Shopify;
				PRODUCT_NAME = "$(TARGET_NAME)";
				SWIFT_EMIT_LOC_STRINGS = YES;
				SWIFT_VERSION = 5.0;
				TARGETED_DEVICE_FAMILY = "1,2";
			};
			name = Release;
		};
		40D96F9E2C112E85000B8D34 /* Debug */ = {
			isa = XCBuildConfiguration;
			baseConfigurationReference = 73932E7C5107A8B2F6CF71BE /* Pods-ShopifyTests.debug.xcconfig */;
			buildSettings = {
				ALWAYS_EMBED_SWIFT_STANDARD_LIBRARIES = YES;
				BUNDLE_LOADER = "$(TEST_HOST)";
				CODE_SIGN_STYLE = Automatic;
				CURRENT_PROJECT_VERSION = 1;
				ENABLE_USER_SCRIPT_SANDBOXING = NO;
				GENERATE_INFOPLIST_FILE = YES;
				IPHONEOS_DEPLOYMENT_TARGET = 17.4;
				MARKETING_VERSION = 1.0;
				PRODUCT_BUNDLE_IDENTIFIER = ITI.ShopifyTests;
				PRODUCT_NAME = "$(TARGET_NAME)";
				SWIFT_EMIT_LOC_STRINGS = NO;
				SWIFT_VERSION = 5.0;
				TARGETED_DEVICE_FAMILY = "1,2";
				TEST_HOST = "$(BUILT_PRODUCTS_DIR)/Shopify.app/$(BUNDLE_EXECUTABLE_FOLDER_PATH)/Shopify";
			};
			name = Debug;
		};
		40D96F9F2C112E85000B8D34 /* Release */ = {
			isa = XCBuildConfiguration;
			baseConfigurationReference = 1AF4386D2EEFBA853DF7CD96 /* Pods-ShopifyTests.release.xcconfig */;
			buildSettings = {
				ALWAYS_EMBED_SWIFT_STANDARD_LIBRARIES = YES;
				BUNDLE_LOADER = "$(TEST_HOST)";
				CODE_SIGN_STYLE = Automatic;
				CURRENT_PROJECT_VERSION = 1;
				ENABLE_USER_SCRIPT_SANDBOXING = NO;
				GENERATE_INFOPLIST_FILE = YES;
				IPHONEOS_DEPLOYMENT_TARGET = 17.4;
				MARKETING_VERSION = 1.0;
				PRODUCT_BUNDLE_IDENTIFIER = ITI.ShopifyTests;
				PRODUCT_NAME = "$(TARGET_NAME)";
				SWIFT_EMIT_LOC_STRINGS = NO;
				SWIFT_VERSION = 5.0;
				TARGETED_DEVICE_FAMILY = "1,2";
				TEST_HOST = "$(BUILT_PRODUCTS_DIR)/Shopify.app/$(BUNDLE_EXECUTABLE_FOLDER_PATH)/Shopify";
			};
			name = Release;
		};
		40D96FA12C112E85000B8D34 /* Debug */ = {
			isa = XCBuildConfiguration;
			baseConfigurationReference = 05D4DF40988DDEA774FF42CD /* Pods-Shopify-ShopifyUITests.debug.xcconfig */;
			buildSettings = {
				ALWAYS_EMBED_SWIFT_STANDARD_LIBRARIES = YES;
				CODE_SIGN_STYLE = Automatic;
				CURRENT_PROJECT_VERSION = 1;
				ENABLE_USER_SCRIPT_SANDBOXING = NO;
				GENERATE_INFOPLIST_FILE = YES;
				MARKETING_VERSION = 1.0;
				PRODUCT_BUNDLE_IDENTIFIER = ITI.ShopifyUITests;
				PRODUCT_NAME = "$(TARGET_NAME)";
				SWIFT_EMIT_LOC_STRINGS = NO;
				SWIFT_VERSION = 5.0;
				TARGETED_DEVICE_FAMILY = "1,2";
				TEST_TARGET_NAME = Shopify;
			};
			name = Debug;
		};
		40D96FA22C112E85000B8D34 /* Release */ = {
			isa = XCBuildConfiguration;
			baseConfigurationReference = 5AEEC5948E4F521E6689FE1E /* Pods-Shopify-ShopifyUITests.release.xcconfig */;
			buildSettings = {
				ALWAYS_EMBED_SWIFT_STANDARD_LIBRARIES = YES;
				CODE_SIGN_STYLE = Automatic;
				CURRENT_PROJECT_VERSION = 1;
				ENABLE_USER_SCRIPT_SANDBOXING = NO;
				GENERATE_INFOPLIST_FILE = YES;
				MARKETING_VERSION = 1.0;
				PRODUCT_BUNDLE_IDENTIFIER = ITI.ShopifyUITests;
				PRODUCT_NAME = "$(TARGET_NAME)";
				SWIFT_EMIT_LOC_STRINGS = NO;
				SWIFT_VERSION = 5.0;
				TARGETED_DEVICE_FAMILY = "1,2";
				TEST_TARGET_NAME = Shopify;
			};
			name = Release;
		};
/* End XCBuildConfiguration section */

/* Begin XCConfigurationList section */
		40D96F682C112E83000B8D34 /* Build configuration list for PBXProject "Shopify" */ = {
			isa = XCConfigurationList;
			buildConfigurations = (
				40D96F982C112E85000B8D34 /* Debug */,
				40D96F992C112E85000B8D34 /* Release */,
			);
			defaultConfigurationIsVisible = 0;
			defaultConfigurationName = Release;
		};
		40D96F9A2C112E85000B8D34 /* Build configuration list for PBXNativeTarget "Shopify" */ = {
			isa = XCConfigurationList;
			buildConfigurations = (
				40D96F9B2C112E85000B8D34 /* Debug */,
				40D96F9C2C112E85000B8D34 /* Release */,
			);
			defaultConfigurationIsVisible = 0;
			defaultConfigurationName = Release;
		};
		40D96F9D2C112E85000B8D34 /* Build configuration list for PBXNativeTarget "ShopifyTests" */ = {
			isa = XCConfigurationList;
			buildConfigurations = (
				40D96F9E2C112E85000B8D34 /* Debug */,
				40D96F9F2C112E85000B8D34 /* Release */,
			);
			defaultConfigurationIsVisible = 0;
			defaultConfigurationName = Release;
		};
		40D96FA02C112E85000B8D34 /* Build configuration list for PBXNativeTarget "ShopifyUITests" */ = {
			isa = XCConfigurationList;
			buildConfigurations = (
				40D96FA12C112E85000B8D34 /* Debug */,
				40D96FA22C112E85000B8D34 /* Release */,
			);
			defaultConfigurationIsVisible = 0;
			defaultConfigurationName = Release;
		};
/* End XCConfigurationList section */

/* Begin XCVersionGroup section */
		40D96F792C112E83000B8D34 /* Shopify.xcdatamodeld */ = {
			isa = XCVersionGroup;
			children = (
				40D96F7A2C112E83000B8D34 /* Shopify.xcdatamodel */,
			);
			currentVersion = 40D96F7A2C112E83000B8D34 /* Shopify.xcdatamodel */;
			path = Shopify.xcdatamodeld;
			sourceTree = "<group>";
			versionGroupType = wrapper.xcdatamodel;
		};
/* End XCVersionGroup section */
	};
	rootObject = 40D96F652C112E83000B8D34 /* Project object */;
}
